
Microsoft Visual Studio Solution File, Format Version 12.00
# Visual Studio 15
VisualStudioVersion = 15.0.28307.168
MinimumVisualStudioVersion = 10.0.40219.1
Project("{FAE04EC0-301F-11D3-BF4B-00C04F79EFBC}") = "HalfWerk.AuthenticationService", "HalfWerk.AuthenticationService\HalfWerk.AuthenticationService.csproj", "{0894610D-9FF4-4EE3-AA8F-C2941EB4FBD8}"
EndProject
Project("{9A19103F-16F7-4668-BE54-9A1E7A4F7556}") = "HalfWerk.CommonModels", "..\HalfWerk.CommonModels\HalfWerk.CommonModels.csproj", "{68E5C5CC-D3C8-41ED-8266-714FE13D4124}"
EndProject
Project("{FAE04EC0-301F-11D3-BF4B-00C04F79EFBC}") = "HalfWerk.AuthenticationService.Test", "HalfWerk.AuthenticationService.Test\HalfWerk.AuthenticationService.Test.csproj", "{FA02220E-3D4B-4719-9D40-0A499B18AB99}"
EndProject
Global
	GlobalSection(SolutionConfigurationPlatforms) = preSolution
		Debug|Any CPU = Debug|Any CPU
		Release|Any CPU = Release|Any CPU
	EndGlobalSection
	GlobalSection(ProjectConfigurationPlatforms) = postSolution
		{0894610D-9FF4-4EE3-AA8F-C2941EB4FBD8}.Debug|Any CPU.ActiveCfg = Debug|Any CPU
		{0894610D-9FF4-4EE3-AA8F-C2941EB4FBD8}.Debug|Any CPU.Build.0 = Debug|Any CPU
		{0894610D-9FF4-4EE3-AA8F-C2941EB4FBD8}.Release|Any CPU.ActiveCfg = Release|Any CPU
		{0894610D-9FF4-4EE3-AA8F-C2941EB4FBD8}.Release|Any CPU.Build.0 = Release|Any CPU
		{68E5C5CC-D3C8-41ED-8266-714FE13D4124}.Debug|Any CPU.ActiveCfg = Debug|Any CPU
		{68E5C5CC-D3C8-41ED-8266-714FE13D4124}.Debug|Any CPU.Build.0 = Debug|Any CPU
		{68E5C5CC-D3C8-41ED-8266-714FE13D4124}.Release|Any CPU.ActiveCfg = Release|Any CPU
		{68E5C5CC-D3C8-41ED-8266-714FE13D4124}.Release|Any CPU.Build.0 = Release|Any CPU
		{FA02220E-3D4B-4719-9D40-0A499B18AB99}.Debug|Any CPU.ActiveCfg = Debug|Any CPU
		{FA02220E-3D4B-4719-9D40-0A499B18AB99}.Debug|Any CPU.Build.0 = Debug|Any CPU
		{FA02220E-3D4B-4719-9D40-0A499B18AB99}.Release|Any CPU.ActiveCfg = Release|Any CPU
		{FA02220E-3D4B-4719-9D40-0A499B18AB99}.Release|Any CPU.Build.0 = Release|Any CPU
	EndGlobalSection
	GlobalSection(SolutionProperties) = preSolution
		HideSolutionNode = FALSE
	EndGlobalSection
	GlobalSection(ExtensibilityGlobals) = postSolution
		SolutionGuid = {6BA50A5C-2F4A-4203-9E56-21732A18453B}
	EndGlobalSection
EndGlobal
