
Microsoft Visual Studio Solution File, Format Version 12.00
# Visual Studio 15
VisualStudioVersion = 15.0.28307.168
MinimumVisualStudioVersion = 10.0.40219.1
Project("{9A19103F-16F7-4668-BE54-9A1E7A4F7556}") = "HalfWerk.PcsBetaalService", "HalfWerk.PcsBetaalService\HalfWerk.PcsBetaalService.csproj", "{8EC50A8B-E408-4A43-8845-3BF06FBBC897}"
EndProject
Project("{9A19103F-16F7-4668-BE54-9A1E7A4F7556}") = "HalfWerk.CommonModels", "..\HalfWerk.CommonModels\HalfWerk.CommonModels.csproj", "{6129912F-45E8-48EC-927F-EEBE168E9270}"
EndProject
Project("{9A19103F-16F7-4668-BE54-9A1E7A4F7556}") = "HalfWerk.PcsBetaalService.Test", "HalfWerk.PcsBetaalService.Test\HalfWerk.PcsBetaalService.Test.csproj", "{53BBFB7A-4F66-417A-A4B3-89E893FF623B}"
EndProject
Project("{FAE04EC0-301F-11D3-BF4B-00C04F79EFBC}") = "HalfWerk.PcsBetaalService.Spec", "HalfWerk.PcsBetaalService.Spec\HalfWerk.PcsBetaalService.Spec.csproj", "{7EC8D7A6-284A-4AF7-A7F7-F54886A88E40}"
EndProject
Global
	GlobalSection(SolutionConfigurationPlatforms) = preSolution
		Debug|Any CPU = Debug|Any CPU
		Release|Any CPU = Release|Any CPU
	EndGlobalSection
	GlobalSection(ProjectConfigurationPlatforms) = postSolution
		{8EC50A8B-E408-4A43-8845-3BF06FBBC897}.Debug|Any CPU.ActiveCfg = Debug|Any CPU
		{8EC50A8B-E408-4A43-8845-3BF06FBBC897}.Debug|Any CPU.Build.0 = Debug|Any CPU
		{8EC50A8B-E408-4A43-8845-3BF06FBBC897}.Release|Any CPU.ActiveCfg = Release|Any CPU
		{8EC50A8B-E408-4A43-8845-3BF06FBBC897}.Release|Any CPU.Build.0 = Release|Any CPU
		{6129912F-45E8-48EC-927F-EEBE168E9270}.Debug|Any CPU.ActiveCfg = Debug|Any CPU
		{6129912F-45E8-48EC-927F-EEBE168E9270}.Debug|Any CPU.Build.0 = Debug|Any CPU
		{6129912F-45E8-48EC-927F-EEBE168E9270}.Release|Any CPU.ActiveCfg = Release|Any CPU
		{6129912F-45E8-48EC-927F-EEBE168E9270}.Release|Any CPU.Build.0 = Release|Any CPU
		{53BBFB7A-4F66-417A-A4B3-89E893FF623B}.Debug|Any CPU.ActiveCfg = Debug|Any CPU
		{53BBFB7A-4F66-417A-A4B3-89E893FF623B}.Debug|Any CPU.Build.0 = Debug|Any CPU
		{53BBFB7A-4F66-417A-A4B3-89E893FF623B}.Release|Any CPU.ActiveCfg = Release|Any CPU
		{53BBFB7A-4F66-417A-A4B3-89E893FF623B}.Release|Any CPU.Build.0 = Release|Any CPU
		{7EC8D7A6-284A-4AF7-A7F7-F54886A88E40}.Debug|Any CPU.ActiveCfg = Debug|Any CPU
		{7EC8D7A6-284A-4AF7-A7F7-F54886A88E40}.Debug|Any CPU.Build.0 = Debug|Any CPU
		{7EC8D7A6-284A-4AF7-A7F7-F54886A88E40}.Release|Any CPU.ActiveCfg = Release|Any CPU
		{7EC8D7A6-284A-4AF7-A7F7-F54886A88E40}.Release|Any CPU.Build.0 = Release|Any CPU
	EndGlobalSection
	GlobalSection(SolutionProperties) = preSolution
		HideSolutionNode = FALSE
	EndGlobalSection
	GlobalSection(ExtensibilityGlobals) = postSolution
		SolutionGuid = {809E2531-07E1-463D-9053-A0D93E8A2016}
	EndGlobalSection
EndGlobal
